{
    "_readme": [
        "This file locks the dependencies of your project to a known state",
        "Read more about it at https://getcomposer.org/doc/01-basic-usage.md#installing-dependencies",
        "This file is @generated automatically"
    ],
    "content-hash": "a1bbd8aaf5c611327336e640b1a10639",
    "packages": [
        {
            "name": "gregwar/captcha",
            "version": "v2.1.1",
            "source": {
                "type": "git",
                "url": "https://github.com/Gregwar/Captcha.git",
                "reference": "c1e67b3d7ac4f873f785daa366051d7c73d19ca0"
            },
            "dist": {
                "type": "zip",
                "url": "https://api.github.com/repos/Gregwar/Captcha/zipball/c1e67b3d7ac4f873f785daa366051d7c73d19ca0",
                "reference": "c1e67b3d7ac4f873f785daa366051d7c73d19ca0",
                "shasum": ""
            },
            "require": {
                "ext-fileinfo": "*",
                "ext-gd": "*",
                "ext-mbstring": "*",
                "php": "^8.2",
                "symfony/finder": "*"
            },
            "require-dev": {
                "friendsofphp/php-cs-fixer": "^3.49",
                "phpstan/phpstan": "2.1.17",
                "phpstan/phpstan-phpunit": "2.0.6",
                "phpunit/phpunit": "^9.6",
                "squizlabs/php_codesniffer": "4.0.4"
            },
            "type": "library",
            "autoload": {
                "psr-4": {
                    "Gregwar\\": "src/Gregwar"
                }
            },
            "notification-url": "https://packagist.org/downloads/",
            "license": [
                "MIT"
            ],
            "authors": [
                {
                    "name": "Grégoire Passault",
                    "email": "g.passault@gmail.com",
                    "homepage": "http://www.gregwar.com/"
                },
                {
                    "name": "Jeremy Livingston",
                    "email": "jeremy.j.livingston@gmail.com"
                }
            ],
            "description": "Captcha generator",
            "homepage": "https://github.com/Gregwar/Captcha",
            "keywords": [
                "bot",
                "captcha",
                "spam"
            ],
            "support": {
                "issues": "https://github.com/Gregwar/Captcha/issues",
                "source": "https://github.com/Gregwar/Captcha/tree/v2.1.1"
            },
            "time": "2026-08-27T10:37:12+00:00"
        },
        {
            "name": "symfony/finder",
            "version": "v8.1.5",
            "source": {
                "type": "git",
                "url": "https://github.com/symfony/finder.git",
                "reference": "8d7acede2b2ae07605783d1c43e49b5767036474"
            },
            "dist": {
                "type": "zip",
                "url": "https://api.github.com/repos/symfony/finder/zipball/8d7acede2b2ae07605783d1c43e49b5767036474",
                "reference": "8d7acede2b2ae07605783d1c43e49b5767036474",
                "shasum": ""
            },
            "require": {
                "php": ">=8.4.1"
            },
            "require-dev": {
                "symfony/filesystem": "^7.4|^8.0"
            },
            "type": "library",
            "autoload": {
                "psr-4": {
                    "Symfony\\Component\\Finder\\": ""
                },
                "exclude-from-classmap": [
                    "/Tests/"
                ]
            },
            "notification-url": "https://packagist.org/downloads/",
            "license": [
                "MIT"
            ],
            "authors": [
                {
                    "name": "Fabien Potencier",
                    "email": "fabien@symfony.com"
                },
                {
                    "name": "Symfony Community",
                    "homepage": "https://symfony.com/contributors"
                }
            ],
            "description": "Finds files and directories via an intuitive fluent interface",
            "homepage": "https://symfony.com",
            "support": {
                "source": "https://github.com/symfony/finder/tree/v8.1.5"
            },
            "funding": [
                {
                    "url": "https://symfony.com/sponsor",
                    "type": "custom"
                },
                {
                    "url": "https://github.com/fabpot",
                    "type": "github"
                },
                {
                    "url": "https://github.com/nicolas-grekas",
                    "type": "github"
                },
                {
                    "url": "https://tidelift.com/funding/github/packagist/symfony/symfony",
                    "type": "tidelift"
                }
            ],
            "time": "2026-08-21T12:16:08+00:00"
        }
    ],
    "packages-dev": [],
    "aliases": [],
    "minimum-stability": "stable",
    "stability-flags": {},
    "prefer-stable": false,
    "prefer-lowest": false,
    "platform": {},
    "platform-dev": {},
    "plugin-api-version": "2.9.0"
}
